
Microsoft Visual Studio Solution File, Format Version 12.00
# Visual Studio Version 17
VisualStudioVersion = 17.0.31903.59
MinimumVisualStudioVersion = 10.0.40219.1
Project("{2150E333-8FDC-42A3-9474-1A3956D46DE8}") = "src", "src", "{827E0CD3-B72D-47B6-A68D-7590B98EB39B}"
EndProject
Project("{FAE04EC0-301F-11D3-BF4B-00C04F79EFBC}") = "ParNegar.API", "src\ParNegar.API\ParNegar.API.csproj", "{619B2521-5333-4C43-AE2A-B521D51CF5B5}"
EndProject
Project("{FAE04EC0-301F-11D3-BF4B-00C04F79EFBC}") = "ParNegar.Application", "src\ParNegar.Application\ParNegar.Application.csproj", "{CBC8A711-DC63-4FD2-BA78-09FD538A8E90}"
EndProject
Project("{FAE04EC0-301F-11D3-BF4B-00C04F79EFBC}") = "ParNegar.Infrastructure", "src\ParNegar.Infrastructure\ParNegar.Infrastructure.csproj", "{419EA9FA-5555-4D16-AE18-188A5DD47AA2}"
EndProject
Project("{FAE04EC0-301F-11D3-BF4B-00C04F79EFBC}") = "ParNegar.Domain", "src\ParNegar.Domain\ParNegar.Domain.csproj", "{F5C052A5-6685-4D65-889F-850B229D42B6}"
EndProject
Project("{FAE04EC0-301F-11D3-BF4B-00C04F79EFBC}") = "ParNegar.Shared", "src\ParNegar.Shared\ParNegar.Shared.csproj", "{6B4D033B-E186-4B48-A416-96EFEB37FF8C}"
EndProject
Global
	GlobalSection(SolutionConfigurationPlatforms) = preSolution
		Debug|Any CPU = Debug|Any CPU
		Debug|x64 = Debug|x64
		Debug|x86 = Debug|x86
		Release|Any CPU = Release|Any CPU
		Release|x64 = Release|x64
		Release|x86 = Release|x86
	EndGlobalSection
	GlobalSection(ProjectConfigurationPlatforms) = postSolution
		{619B2521-5333-4C43-AE2A-B521D51CF5B5}.Debug|Any CPU.ActiveCfg = Debug|Any CPU
		{619B2521-5333-4C43-AE2A-B521D51CF5B5}.Debug|Any CPU.Build.0 = Debug|Any CPU
		{619B2521-5333-4C43-AE2A-B521D51CF5B5}.Debug|x64.ActiveCfg = Debug|Any CPU
		{619B2521-5333-4C43-AE2A-B521D51CF5B5}.Debug|x64.Build.0 = Debug|Any CPU
		{619B2521-5333-4C43-AE2A-B521D51CF5B5}.Debug|x86.ActiveCfg = Debug|Any CPU
		{619B2521-5333-4C43-AE2A-B521D51CF5B5}.Debug|x86.Build.0 = Debug|Any CPU
		{619B2521-5333-4C43-AE2A-B521D51CF5B5}.Release|Any CPU.ActiveCfg = Release|Any CPU
		{619B2521-5333-4C43-AE2A-B521D51CF5B5}.Release|Any CPU.Build.0 = Release|Any CPU
		{619B2521-5333-4C43-AE2A-B521D51CF5B5}.Release|x64.ActiveCfg = Release|Any CPU
		{619B2521-5333-4C43-AE2A-B521D51CF5B5}.Release|x64.Build.0 = Release|Any CPU
		{619B2521-5333-4C43-AE2A-B521D51CF5B5}.Release|x86.ActiveCfg = Release|Any CPU
		{619B2521-5333-4C43-AE2A-B521D51CF5B5}.Release|x86.Build.0 = Release|Any CPU
		{CBC8A711-DC63-4FD2-BA78-09FD538A8E90}.Debug|Any CPU.ActiveCfg = Debug|Any CPU
		{CBC8A711-DC63-4FD2-BA78-09FD538A8E90}.Debug|Any CPU.Build.0 = Debug|Any CPU
		{CBC8A711-DC63-4FD2-BA78-09FD538A8E90}.Debug|x64.ActiveCfg = Debug|Any CPU
		{CBC8A711-DC63-4FD2-BA78-09FD538A8E90}.Debug|x64.Build.0 = Debug|Any CPU
		{CBC8A711-DC63-4FD2-BA78-09FD538A8E90}.Debug|x86.ActiveCfg = Debug|Any CPU
		{CBC8A711-DC63-4FD2-BA78-09FD538A8E90}.Debug|x86.Build.0 = Debug|Any CPU
		{CBC8A711-DC63-4FD2-BA78-09FD538A8E90}.Release|Any CPU.ActiveCfg = Release|Any CPU
		{CBC8A711-DC63-4FD2-BA78-09FD538A8E90}.Release|Any CPU.Build.0 = Release|Any CPU
		{CBC8A711-DC63-4FD2-BA78-09FD538A8E90}.Release|x64.ActiveCfg = Release|Any CPU
		{CBC8A711-DC63-4FD2-BA78-09FD538A8E90}.Release|x64.Build.0 = Release|Any CPU
		{CBC8A711-DC63-4FD2-BA78-09FD538A8E90}.Release|x86.ActiveCfg = Release|Any CPU
		{CBC8A711-DC63-4FD2-BA78-09FD538A8E90}.Release|x86.Build.0 = Release|Any CPU
		{419EA9FA-5555-4D16-AE18-188A5DD47AA2}.Debug|Any CPU.ActiveCfg = Debug|Any CPU
		{419EA9FA-5555-4D16-AE18-188A5DD47AA2}.Debug|Any CPU.Build.0 = Debug|Any CPU
		{419EA9FA-5555-4D16-AE18-188A5DD47AA2}.Debug|x64.ActiveCfg = Debug|Any CPU
		{419EA9FA-5555-4D16-AE18-188A5DD47AA2}.Debug|x64.Build.0 = Debug|Any CPU
		{419EA9FA-5555-4D16-AE18-188A5DD47AA2}.Debug|x86.ActiveCfg = Debug|Any CPU
		{419EA9FA-5555-4D16-AE18-188A5DD47AA2}.Debug|x86.Build.0 = Debug|Any CPU
		{419EA9FA-5555-4D16-AE18-188A5DD47AA2}.Release|Any CPU.ActiveCfg = Release|Any CPU
		{419EA9FA-5555-4D16-AE18-188A5DD47AA2}.Release|Any CPU.Build.0 = Release|Any CPU
		{419EA9FA-5555-4D16-AE18-188A5DD47AA2}.Release|x64.ActiveCfg = Release|Any CPU
		{419EA9FA-5555-4D16-AE18-188A5DD47AA2}.Release|x64.Build.0 = Release|Any CPU
		{419EA9FA-5555-4D16-AE18-188A5DD47AA2}.Release|x86.ActiveCfg = Release|Any CPU
		{419EA9FA-5555-4D16-AE18-188A5DD47AA2}.Release|x86.Build.0 = Release|Any CPU
		{F5C052A5-6685-4D65-889F-850B229D42B6}.Debug|Any CPU.ActiveCfg = Debug|Any CPU
		{F5C052A5-6685-4D65-889F-850B229D42B6}.Debug|Any CPU.Build.0 = Debug|Any CPU
		{F5C052A5-6685-4D65-889F-850B229D42B6}.Debug|x64.ActiveCfg = Debug|Any CPU
		{F5C052A5-6685-4D65-889F-850B229D42B6}.Debug|x64.Build.0 = Debug|Any CPU
		{F5C052A5-6685-4D65-889F-850B229D42B6}.Debug|x86.ActiveCfg = Debug|Any CPU
		{F5C052A5-6685-4D65-889F-850B229D42B6}.Debug|x86.Build.0 = Debug|Any CPU
		{F5C052A5-6685-4D65-889F-850B229D42B6}.Release|Any CPU.ActiveCfg = Release|Any CPU
		{F5C052A5-6685-4D65-889F-850B229D42B6}.Release|Any CPU.Build.0 = Release|Any CPU
		{F5C052A5-6685-4D65-889F-850B229D42B6}.Release|x64.ActiveCfg = Release|Any CPU
		{F5C052A5-6685-4D65-889F-850B229D42B6}.Release|x64.Build.0 = Release|Any CPU
		{F5C052A5-6685-4D65-889F-850B229D42B6}.Release|x86.ActiveCfg = Release|Any CPU
		{F5C052A5-6685-4D65-889F-850B229D42B6}.Release|x86.Build.0 = Release|Any CPU
		{6B4D033B-E186-4B48-A416-96EFEB37FF8C}.Debug|Any CPU.ActiveCfg = Debug|Any CPU
		{6B4D033B-E186-4B48-A416-96EFEB37FF8C}.Debug|Any CPU.Build.0 = Debug|Any CPU
		{6B4D033B-E186-4B48-A416-96EFEB37FF8C}.Debug|x64.ActiveCfg = Debug|Any CPU
		{6B4D033B-E186-4B48-A416-96EFEB37FF8C}.Debug|x64.Build.0 = Debug|Any CPU
		{6B4D033B-E186-4B48-A416-96EFEB37FF8C}.Debug|x86.ActiveCfg = Debug|Any CPU
		{6B4D033B-E186-4B48-A416-96EFEB37FF8C}.Debug|x86.Build.0 = Debug|Any CPU
		{6B4D033B-E186-4B48-A416-96EFEB37FF8C}.Release|Any CPU.ActiveCfg = Release|Any CPU
		{6B4D033B-E186-4B48-A416-96EFEB37FF8C}.Release|Any CPU.Build.0 = Release|Any CPU
		{6B4D033B-E186-4B48-A416-96EFEB37FF8C}.Release|x64.ActiveCfg = Release|Any CPU
		{6B4D033B-E186-4B48-A416-96EFEB37FF8C}.Release|x64.Build.0 = Release|Any CPU
		{6B4D033B-E186-4B48-A416-96EFEB37FF8C}.Release|x86.ActiveCfg = Release|Any CPU
		{6B4D033B-E186-4B48-A416-96EFEB37FF8C}.Release|x86.Build.0 = Release|Any CPU
	EndGlobalSection
	GlobalSection(SolutionProperties) = preSolution
		HideSolutionNode = FALSE
	EndGlobalSection
	GlobalSection(NestedProjects) = preSolution
		{619B2521-5333-4C43-AE2A-B521D51CF5B5} = {827E0CD3-B72D-47B6-A68D-7590B98EB39B}
		{CBC8A711-DC63-4FD2-BA78-09FD538A8E90} = {827E0CD3-B72D-47B6-A68D-7590B98EB39B}
		{419EA9FA-5555-4D16-AE18-188A5DD47AA2} = {827E0CD3-B72D-47B6-A68D-7590B98EB39B}
		{F5C052A5-6685-4D65-889F-850B229D42B6} = {827E0CD3-B72D-47B6-A68D-7590B98EB39B}
		{6B4D033B-E186-4B48-A416-96EFEB37FF8C} = {827E0CD3-B72D-47B6-A68D-7590B98EB39B}
	EndGlobalSection
EndGlobal
